// !$*UTF8*$!
{
	archiveVersion = 1;
	classes = {
	};
	objectVersion = 46;
	objects = {

/* Begin PBXBuildFile section */
		2615B3251A9377390077B9BE /* 100@2x.jpg in Resources */ = {isa = PBXBuildFile; fileRef = 2615B2B41A9377390077B9BE /* 100@2x.jpg */; };
		2615B3261A9377390077B9BE /* 101@2x.jpg in Resources */ = {isa = PBXBuildFile; fileRef = 2615B2B51A9377390077B9BE /* 101@2x.jpg */; };
		2615B3271A9377390077B9BE /* 102@2x.jpg in Resources */ = {isa = PBXBuildFile; fileRef = 2615B2B61A9377390077B9BE /* 102@2x.jpg */; };
		2615B3281A9377390077B9BE /* 103@2x.jpg in Resources */ = {isa = PBXBuildFile; fileRef = 2615B2B71A9377390077B9BE /* 103@2x.jpg */; };
		2615B3291A9377390077B9BE /* 104@2x.jpg in Resources */ = {isa = PBXBuildFile; fileRef = 2615B2B81A9377390077B9BE /* 104@2x.jpg */; };
		2615B32A1A9377390077B9BE /* 105@2x.jpg in Resources */ = {isa = PBXBuildFile; fileRef = 2615B2B91A9377390077B9BE /* 105@2x.jpg */; };
		2615B32B1A9377390077B9BE /* 106@2x.jpg in Resources */ = {isa = PBXBuildFile; fileRef = 2615B2BA1A9377390077B9BE /* 106@2x.jpg */; };
		2615B32C1A9377390077B9BE /* 107@2x.jpg in Resources */ = {isa = PBXBuildFile; fileRef = 2615B2BB1A9377390077B9BE /* 107@2x.jpg */; };
		2615B32D1A9377390077B9BE /* 108@2x.jpg in Resources */ = {isa = PBXBuildFile; fileRef = 2615B2BC1A9377390077B9BE /* 108@2x.jpg */; };
		2615B32E1A9377390077B9BE /* 109@2x.jpg in Resources */ = {isa = PBXBuildFile; fileRef = 2615B2BD1A9377390077B9BE /* 109@2x.jpg */; };
		2615B32F1A9377390077B9BE /* 10@2x.jpg in Resources */ = {isa = PBXBuildFile; fileRef = 2615B2BE1A9377390077B9BE /* 10@2x.jpg */; };
		2615B3301A9377390077B9BE /* 110@2x.jpg in Resources */ = {isa = PBXBuildFile; fileRef = 2615B2BF1A9377390077B9BE /* 110@2x.jpg */; };
		2615B3311A9377390077B9BE /* 111@2x.jpg in Resources */ = {isa = PBXBuildFile; fileRef = 2615B2C01A9377390077B9BE /* 111@2x.jpg */; };
		2615B3321A9377390077B9BE /* 112@2x.jpg in Resources */ = {isa = PBXBuildFile; fileRef = 2615B2C11A9377390077B9BE /* 112@2x.jpg */; };
		2615B3331A9377390077B9BE /* 113@2x.jpg in Resources */ = {isa = PBXBuildFile; fileRef = 2615B2C21A9377390077B9BE /* 113@2x.jpg */; };
		2615B3341A9377390077B9BE /* 114@2x.jpg in Resources */ = {isa = PBXBuildFile; fileRef = 2615B2C31A9377390077B9BE /* 114@2x.jpg */; };
		2615B3351A9377390077B9BE /* 115@2x.jpg in Resources */ = {isa = PBXBuildFile; fileRef = 2615B2C41A9377390077B9BE /* 115@2x.jpg */; };
		2615B3361A9377390077B9BE /* 11@2x.jpg in Resources */ = {isa = PBXBuildFile; fileRef = 2615B2C51A9377390077B9BE /* 11@2x.jpg */; };
		2615B3371A9377390077B9BE /* 12@2x.jpg in Resources */ = {isa = PBXBuildFile; fileRef = 2615B2C61A9377390077B9BE /* 12@2x.jpg */; };
		2615B3381A9377390077B9BE /* 13@2x.jpg in Resources */ = {isa = PBXBuildFile; fileRef = 2615B2C71A9377390077B9BE /* 13@2x.jpg */; };
		2615B3391A9377390077B9BE /* 14@2x.jpg in Resources */ = {isa = PBXBuildFile; fileRef = 2615B2C81A9377390077B9BE /* 14@2x.jpg */; };
		2615B33A1A9377390077B9BE /* 15@2x.jpg in Resources */ = {isa = PBXBuildFile; fileRef = 2615B2C91A9377390077B9BE /* 15@2x.jpg */; };
		2615B33B1A9377390077B9BE /* 16@2x.jpg in Resources */ = {isa = PBXBuildFile; fileRef = 2615B2CA1A9377390077B9BE /* 16@2x.jpg */; };
		2615B33C1A9377390077B9BE /* 17@2x.jpg in Resources */ = {isa = PBXBuildFile; fileRef = 2615B2CB1A9377390077B9BE /* 17@2x.jpg */; };
		2615B33D1A9377390077B9BE /* 18@2x.jpg in Resources */ = {isa = PBXBuildFile; fileRef = 2615B2CC1A9377390077B9BE /* 18@2x.jpg */; };
		2615B33E1A9377390077B9BE /* 19@2x.jpg in Resources */ = {isa = PBXBuildFile; fileRef = 2615B2CD1A9377390077B9BE /* 19@2x.jpg */; };
		2615B33F1A9377390077B9BE /* 1@2x.jpg in Resources */ = {isa = PBXBuildFile; fileRef = 2615B2CE1A9377390077B9BE /* 1@2x.jpg */; };
		2615B3401A9377390077B9BE /* 20@2x.jpg in Resources */ = {isa = PBXBuildFile; fileRef = 2615B2CF1A9377390077B9BE /* 20@2x.jpg */; };
		2615B3411A9377390077B9BE /* 21@2x.jpg in Resources */ = {isa = PBXBuildFile; fileRef = 2615B2D01A9377390077B9BE /* 21@2x.jpg */; };
		2615B3421A9377390077B9BE /* 22@2x.jpg in Resources */ = {isa = PBXBuildFile; fileRef = 2615B2D11A9377390077B9BE /* 22@2x.jpg */; };
		2615B3431A9377390077B9BE /* 23@2x.jpg in Resources */ = {isa = PBXBuildFile; fileRef = 2615B2D21A9377390077B9BE /* 23@2x.jpg */; };
		2615B3441A9377390077B9BE /* 24@2x.jpg in Resources */ = {isa = PBXBuildFile; fileRef = 2615B2D31A9377390077B9BE /* 24@2x.jpg */; };
		2615B3451A9377390077B9BE /* 25@2x.jpg in Resources */ = {isa = PBXBuildFile; fileRef = 2615B2D41A9377390077B9BE /* 25@2x.jpg */; };
		2615B3461A9377390077B9BE /* 26@2x.jpg in Resources */ = {isa = PBXBuildFile; fileRef = 2615B2D51A9377390077B9BE /* 26@2x.jpg */; };
		2615B3471A9377390077B9BE /* 27@2x.jpg in Resources */ = {isa = PBXBuildFile; fileRef = 2615B2D61A9377390077B9BE /* 27@2x.jpg */; };
		2615B3481A9377390077B9BE /* 28@2x.jpg in Resources */ = {isa = PBXBuildFile; fileRef = 2615B2D71A9377390077B9BE /* 28@2x.jpg */; };
		2615B3491A9377390077B9BE /* 29@2x.jpg in Resources */ = {isa = PBXBuildFile; fileRef = 2615B2D81A9377390077B9BE /* 29@2x.jpg */; };
		2615B34A1A9377390077B9BE /* 2@2x.jpg in Resources */ = {isa = PBXBuildFile; fileRef = 2615B2D91A9377390077B9BE /* 2@2x.jpg */; };
		2615B34B1A9377390077B9BE /* 30@2x.jpg in Resources */ = {isa = PBXBuildFile; fileRef = 2615B2DA1A9377390077B9BE /* 30@2x.jpg */; };
		2615B34C1A9377390077B9BE /* 31@2x.jpg in Resources */ = {isa = PBXBuildFile; fileRef = 2615B2DB1A9377390077B9BE /* 31@2x.jpg */; };
		2615B34D1A9377390077B9BE /* 32@2x.jpg in Resources */ = {isa = PBXBuildFile; fileRef = 2615B2DC1A9377390077B9BE /* 32@2x.jpg */; };
		2615B34E1A9377390077B9BE /* 33@2x.jpg in Resources */ = {isa = PBXBuildFile; fileRef = 2615B2DD1A9377390077B9BE /* 33@2x.jpg */; };
		2615B34F1A9377390077B9BE /* 34@2x.jpg in Resources */ = {isa = PBXBuildFile; fileRef = 2615B2DE1A9377390077B9BE /* 34@2x.jpg */; };
		2615B3501A9377390077B9BE /* 35@2x.jpg in Resources */ = {isa = PBXBuildFile; fileRef = 2615B2DF1A9377390077B9BE /* 35@2x.jpg */; };
		2615B3511A9377390077B9BE /* 36@2x.jpg in Resources */ = {isa = PBXBuildFile; fileRef = 2615B2E01A9377390077B9BE /* 36@2x.jpg */; };
		2615B3521A9377390077B9BE /* 37@2x.jpg in Resources */ = {isa = PBXBuildFile; fileRef = 2615B2E11A9377390077B9BE /* 37@2x.jpg */; };
		2615B3531A9377390077B9BE /* 38@2x.jpg in Resources */ = {isa = PBXBuildFile; fileRef = 2615B2E21A9377390077B9BE /* 38@2x.jpg */; };
		2615B3541A9377390077B9BE /* 39@2x.jpg in Resources */ = {isa = PBXBuildFile; fileRef = 2615B2E31A9377390077B9BE /* 39@2x.jpg */; };
		2615B3551A9377390077B9BE /* 3@2x.jpg in Resources */ = {isa = PBXBuildFile; fileRef = 2615B2E41A9377390077B9BE /* 3@2x.jpg */; };
		2615B3561A9377390077B9BE /* 40@2x.jpg in Resources */ = {isa = PBXBuildFile; fileRef = 2615B2E51A9377390077B9BE /* 40@2x.jpg */; };
		2615B3571A9377390077B9BE /* 41@2x.jpg in Resources */ = {isa = PBXBuildFile; fileRef = 2615B2E61A9377390077B9BE /* 41@2x.jpg */; };
		2615B3581A9377390077B9BE /* 42@2x.jpg in Resources */ = {isa = PBXBuildFile; fileRef = 2615B2E71A9377390077B9BE /* 42@2x.jpg */; };
		2615B3591A9377390077B9BE /* 43@2x.jpg in Resources */ = {isa = PBXBuildFile; fileRef = 2615B2E81A9377390077B9BE /* 43@2x.jpg */; };
		2615B35A1A9377390077B9BE /* 44@2x.jpg in Resources */ = {isa = PBXBuildFile; fileRef = 2615B2E91A9377390077B9BE /* 44@2x.jpg */; };
		2615B35B1A9377390077B9BE /* 45@2x.jpg in Resources */ = {isa = PBXBuildFile; fileRef = 2615B2EA1A9377390077B9BE /* 45@2x.jpg */; };
		2615B35C1A9377390077B9BE /* 46@2x.jpg in Resources */ = {isa = PBXBuildFile; fileRef = 2615B2EB1A9377390077B9BE /* 46@2x.jpg */; };
		2615B35D1A9377390077B9BE /* 47@2x.jpg in Resources */ = {isa = PBXBuildFile; fileRef = 2615B2EC1A9377390077B9BE /* 47@2x.jpg */; };
		2615B35E1A9377390077B9BE /* 48@2x.jpg in Resources */ = {isa = PBXBuildFile; fileRef = 2615B2ED1A9377390077B9BE /* 48@2x.jpg */; };
		2615B35F1A9377390077B9BE /* 49@2x.jpg in Resources */ = {isa = PBXBuildFile; fileRef = 2615B2EE1A9377390077B9BE /* 49@2x.jpg */; };
		2615B3601A9377390077B9BE /* 4@2x.jpg in Resources */ = {isa = PBXBuildFile; fileRef = 2615B2EF1A9377390077B9BE /* 4@2x.jpg */; };
		2615B3611A9377390077B9BE /* 50@2x.jpg in Resources */ = {isa = PBXBuildFile; fileRef = 2615B2F01A9377390077B9BE /* 50@2x.jpg */; };
		2615B3621A9377390077B9BE /* 51@2x.jpg in Resources */ = {isa = PBXBuildFile; fileRef = 2615B2F11A9377390077B9BE /* 51@2x.jpg */; };
		2615B3631A9377390077B9BE /* 52@2x.jpg in Resources */ = {isa = PBXBuildFile; fileRef = 2615B2F21A9377390077B9BE /* 52@2x.jpg */; };
		2615B3641A9377390077B9BE /* 53@2x.jpg in Resources */ = {isa = PBXBuildFile; fileRef = 2615B2F31A9377390077B9BE /* 53@2x.jpg */; };
		2615B3651A9377390077B9BE /* 54@2x.jpg in Resources */ = {isa = PBXBuildFile; fileRef = 2615B2F41A9377390077B9BE /* 54@2x.jpg */; };
		2615B3661A9377390077B9BE /* 55@2x.jpg in Resources */ = {isa = PBXBuildFile; fileRef = 2615B2F51A9377390077B9BE /* 55@2x.jpg */; };
		2615B3671A9377390077B9BE /* 56@2x.jpg in Resources */ = {isa = PBXBuildFile; fileRef = 2615B2F61A9377390077B9BE /* 56@2x.jpg */; };
		2615B3681A9377390077B9BE /* 57@2x.jpg in Resources */ = {isa = PBXBuildFile; fileRef = 2615B2F71A9377390077B9BE /* 57@2x.jpg */; };
		2615B3691A9377390077B9BE /* 58@2x.jpg in Resources */ = {isa = PBXBuildFile; fileRef = 2615B2F81A9377390077B9BE /* 58@2x.jpg */; };
		2615B36A1A9377390077B9BE /* 59@2x.jpg in Resources */ = {isa = PBXBuildFile; fileRef = 2615B2F91A9377390077B9BE /* 59@2x.jpg */; };
		2615B36B1A9377390077B9BE /* 5@2x.jpg in Resources */ = {isa = PBXBuildFile; fileRef = 2615B2FA1A9377390077B9BE /* 5@2x.jpg */; };
		2615B36C1A9377390077B9BE /* 60@2x.jpg in Resources */ = {isa = PBXBuildFile; fileRef = 2615B2FB1A9377390077B9BE /* 60@2x.jpg */; };
		2615B36D1A9377390077B9BE /* 61@2x.jpg in Resources */ = {isa = PBXBuildFile; fileRef = 2615B2FC1A9377390077B9BE /* 61@2x.jpg */; };
		2615B36E1A9377390077B9BE /* 62@2x.jpg in Resources */ = {isa = PBXBuildFile; fileRef = 2615B2FD1A9377390077B9BE /* 62@2x.jpg */; };
		2615B36F1A9377390077B9BE /* 63@2x.jpg in Resources */ = {isa = PBXBuildFile; fileRef = 2615B2FE1A9377390077B9BE /* 63@2x.jpg */; };
		2615B3701A9377390077B9BE /* 64@2x.jpg in Resources */ = {isa = PBXBuildFile; fileRef = 2615B2FF1A9377390077B9BE /* 64@2x.jpg */; };
		2615B3711A9377390077B9BE /* 65@2x.jpg in Resources */ = {isa = PBXBuildFile; fileRef = 2615B3001A9377390077B9BE /* 65@2x.jpg */; };
		2615B3721A9377390077B9BE /* 66@2x.jpg in Resources */ = {isa = PBXBuildFile; fileRef = 2615B3011A9377390077B9BE /* 66@2x.jpg */; };
		2615B3731A9377390077B9BE /* 67@2x.jpg in Resources */ = {isa = PBXBuildFile; fileRef = 2615B3021A9377390077B9BE /* 67@2x.jpg */; };
		2615B3741A9377390077B9BE /* 68@2x.jpg in Resources */ = {isa = PBXBuildFile; fileRef = 2615B3031A9377390077B9BE /* 68@2x.jpg */; };
		2615B3751A9377390077B9BE /* 69@2x.jpg in Resources */ = {isa = PBXBuildFile; fileRef = 2615B3041A9377390077B9BE /* 69@2x.jpg */; };
		2615B3761A9377390077B9BE /* 6@2x.jpg in Resources */ = {isa = PBXBuildFile; fileRef = 2615B3051A9377390077B9BE /* 6@2x.jpg */; };
		2615B3771A9377390077B9BE /* 70@2x.jpg in Resources */ = {isa = PBXBuildFile; fileRef = 2615B3061A9377390077B9BE /* 70@2x.jpg */; };
		2615B3781A9377390077B9BE /* 71@2x.jpg in Resources */ = {isa = PBXBuildFile; fileRef = 2615B3071A9377390077B9BE /* 71@2x.jpg */; };
		2615B3791A9377390077B9BE /* 72@2x.jpg in Resources */ = {isa = PBXBuildFile; fileRef = 2615B3081A9377390077B9BE /* 72@2x.jpg */; };
		2615B37A1A9377390077B9BE /* 73@2x.jpg in Resources */ = {isa = PBXBuildFile; fileRef = 2615B3091A9377390077B9BE /* 73@2x.jpg */; };
		2615B37B1A9377390077B9BE /* 74@2x.jpg in Resources */ = {isa = PBXBuildFile; fileRef = 2615B30A1A9377390077B9BE /* 74@2x.jpg */; };
		2615B37C1A9377390077B9BE /* 75@2x.jpg in Resources */ = {isa = PBXBuildFile; fileRef = 2615B30B1A9377390077B9BE /* 75@2x.jpg */; };
		2615B37D1A9377390077B9BE /* 76@2x.jpg in Resources */ = {isa = PBXBuildFile; fileRef = 2615B30C1A9377390077B9BE /* 76@2x.jpg */; };
		2615B37E1A9377390077B9BE /* 77@2x.jpg in Resources */ = {isa = PBXBuildFile; fileRef = 2615B30D1A9377390077B9BE /* 77@2x.jpg */; };
		2615B37F1A9377390077B9BE /* 78@2x.jpg in Resources */ = {isa = PBXBuildFile; fileRef = 2615B30E1A9377390077B9BE /* 78@2x.jpg */; };
		2615B3801A9377390077B9BE /* 79@2x.jpg in Resources */ = {isa = PBXBuildFile; fileRef = 2615B30F1A9377390077B9BE /* 79@2x.jpg */; };
		2615B3811A9377390077B9BE /* 7@2x.jpg in Resources */ = {isa = PBXBuildFile; fileRef = 2615B3101A9377390077B9BE /* 7@2x.jpg */; };
		2615B3821A9377390077B9BE /* 80@2x.jpg in Resources */ = {isa = PBXBuildFile; fileRef = 2615B3111A9377390077B9BE /* 80@2x.jpg */; };
		2615B3831A9377390077B9BE /* 81@2x.jpg in Resources */ = {isa = PBXBuildFile; fileRef = 2615B3121A9377390077B9BE /* 81@2x.jpg */; };
		2615B3841A9377390077B9BE /* 82@2x.jpg in Resources */ = {isa = PBXBuildFile; fileRef = 2615B3131A9377390077B9BE /* 82@2x.jpg */; };
		2615B3851A9377390077B9BE /* 83@2x.jpg in Resources */ = {isa = PBXBuildFile; fileRef = 2615B3141A9377390077B9BE /* 83@2x.jpg */; };
		2615B3861A9377390077B9BE /* 84@2x.jpg in Resources */ = {isa = PBXBuildFile; fileRef = 2615B3151A9377390077B9BE /* 84@2x.jpg */; };
		2615B3871A9377390077B9BE /* 85@2x.jpg in Resources */ = {isa = PBXBuildFile; fileRef = 2615B3161A9377390077B9BE /* 85@2x.jpg */; };
		2615B3881A9377390077B9BE /* 86@2x.jpg in Resources */ = {isa = PBXBuildFile; fileRef = 2615B3171A9377390077B9BE /* 86@2x.jpg */; };
		2615B3891A9377390077B9BE /* 87@2x.jpg in Resources */ = {isa = PBXBuildFile; fileRef = 2615B3181A9377390077B9BE /* 87@2x.jpg */; };
		2615B38A1A9377390077B9BE /* 88@2x.jpg in Resources */ = {isa = PBXBuildFile; fileRef = 2615B3191A9377390077B9BE /* 88@2x.jpg */; };
		2615B38B1A9377390077B9BE /* 89@2x.jpg in Resources */ = {isa = PBXBuildFile; fileRef = 2615B31A1A9377390077B9BE /* 89@2x.jpg */; };
		2615B38C1A9377390077B9BE /* 8@2x.jpg in Resources */ = {isa = PBXBuildFile; fileRef = 2615B31B1A9377390077B9BE /* 8@2x.jpg */; };
		2615B38D1A9377390077B9BE /* 90@2x.jpg in Resources */ = {isa = PBXBuildFile; fileRef = 2615B31C1A9377390077B9BE /* 90@2x.jpg */; };
		2615B38E1A9377390077B9BE /* 91@2x.jpg in Resources */ = {isa = PBXBuildFile; fileRef = 2615B31D1A9377390077B9BE /* 91@2x.jpg */; };
		2615B38F1A9377390077B9BE /* 92@2x.jpg in Resources */ = {isa = PBXBuildFile; fileRef = 2615B31E1A9377390077B9BE /* 92@2x.jpg */; };
		2615B3901A9377390077B9BE /* 93@2x.jpg in Resources */ = {isa = PBXBuildFile; fileRef = 2615B31F1A9377390077B9BE /* 93@2x.jpg */; };
		2615B3911A9377390077B9BE /* 94@2x.jpg in Resources */ = {isa = PBXBuildFile; fileRef = 2615B3201A9377390077B9BE /* 94@2x.jpg */; };
		2615B3921A9377390077B9BE /* 95@2x.jpg in Resources */ = {isa = PBXBuildFile; fileRef = 2615B3211A9377390077B9BE /* 95@2x.jpg */; };
		2615B3931A9377390077B9BE /* 96@2x.jpg in Resources */ = {isa = PBXBuildFile; fileRef = 2615B3221A9377390077B9BE /* 96@2x.jpg */; };
		2615B3941A9377390077B9BE /* 99@2x.jpg in Resources */ = {isa = PBXBuildFile; fileRef = 2615B3231A9377390077B9BE /* 99@2x.jpg */; };
		2615B3951A9377390077B9BE /* 9@2x.jpg in Resources */ = {isa = PBXBuildFile; fileRef = 2615B3241A9377390077B9BE /* 9@2x.jpg */; };
		4F417121ED2229F14A006011 /* libPods.a in Frameworks */ = {isa = PBXBuildFile; fileRef = 564D0053876B74D2E0E81632 /* libPods.a */; };
		D9E369601A5D3D78003A91FD /* main.m in Sources */ = {isa = PBXBuildFile; fileRef = D9E3695F1A5D3D78003A91FD /* main.m */; };
		D9E369631A5D3D78003A91FD /* AppDelegate.m in Sources */ = {isa = PBXBuildFile; fileRef = D9E369621A5D3D78003A91FD /* AppDelegate.m */; };
		D9E369661A5D3D78003A91FD /* SCBContainerViewController.m in Sources */ = {isa = PBXBuildFile; fileRef = D9E369651A5D3D78003A91FD /* SCBContainerViewController.m */; };
		D9E3696B1A5D3D78003A91FD /* Images.xcassets in Resources */ = {isa = PBXBuildFile; fileRef = D9E3696A1A5D3D78003A91FD /* Images.xcassets */; };
		D9E3696E1A5D3D78003A91FD /* LaunchScreen.xib in Resources */ = {isa = PBXBuildFile; fileRef = D9E3696C1A5D3D78003A91FD /* LaunchScreen.xib */; };
		D9E3697A1A5D3D78003A91FD /* ScrambledTests.m in Sources */ = {isa = PBXBuildFile; fileRef = D9E369791A5D3D78003A91FD /* ScrambledTests.m */; };
		D9E369871A5D44F3003A91FD /* SCBPuzzle.m in Sources */ = {isa = PBXBuildFile; fileRef = D9E369861A5D44F3003A91FD /* SCBPuzzle.m */; };
		D9E3698A1A5D455F003A91FD /* SCBPuzzleTile.m in Sources */ = {isa = PBXBuildFile; fileRef = D9E369891A5D455F003A91FD /* SCBPuzzleTile.m */; };
		D9E3698D1A5D4747003A91FD /* SCBFrameProvider.m in Sources */ = {isa = PBXBuildFile; fileRef = D9E3698C1A5D4747003A91FD /* SCBFrameProvider.m */; };
		D9E369921A5D4CCC003A91FD /* SCBSettingsViewController.m in Sources */ = {isa = PBXBuildFile; fileRef = D9E369911A5D4CCC003A91FD /* SCBSettingsViewController.m */; };
		D9E36C9B1A5D9CE2003A91FD /* NSUserDefaults+Preferences.m in Sources */ = {isa = PBXBuildFile; fileRef = D9E36C9A1A5D9CE2003A91FD /* NSUserDefaults+Preferences.m */; };
/* End PBXBuildFile section */

/* Begin PBXContainerItemProxy section */
		D9E369741A5D3D78003A91FD /* PBXContainerItemProxy */ = {
			isa = PBXContainerItemProxy;
			containerPortal = D9E369521A5D3D78003A91FD /* Project object */;
			proxyType = 1;
			remoteGlobalIDString = D9E369591A5D3D78003A91FD;
			remoteInfo = Scrambled;
		};
/* End PBXContainerItemProxy section */

/* Begin PBXFileReference section */
		2615B2B41A9377390077B9BE /* 100@2x.jpg */ = {isa = PBXFileReference; lastKnownFileType = image.jpeg; path = "100@2x.jpg"; sourceTree = "<group>"; };
		2615B2B51A9377390077B9BE /* 101@2x.jpg */ = {isa = PBXFileReference; lastKnownFileType = image.jpeg; path = "101@2x.jpg"; sourceTree = "<group>"; };
		2615B2B61A9377390077B9BE /* 102@2x.jpg */ = {isa = PBXFileReference; lastKnownFileType = image.jpeg; path = "102@2x.jpg"; sourceTree = "<group>"; };
		2615B2B71A9377390077B9BE /* 103@2x.jpg */ = {isa = PBXFileReference; lastKnownFileType = image.jpeg; path = "103@2x.jpg"; sourceTree = "<group>"; };
		2615B2B81A9377390077B9BE /* 104@2x.jpg */ = {isa = PBXFileReference; lastKnownFileType = image.jpeg; path = "104@2x.jpg"; sourceTree = "<group>"; };
		2615B2B91A9377390077B9BE /* 105@2x.jpg */ = {isa = PBXFileReference; lastKnownFileType = image.jpeg; path = "105@2x.jpg"; sourceTree = "<group>"; };
		2615B2BA1A9377390077B9BE /* 106@2x.jpg */ = {isa = PBXFileReference; lastKnownFileType = image.jpeg; path = "106@2x.jpg"; sourceTree = "<group>"; };
		2615B2BB1A9377390077B9BE /* 107@2x.jpg */ = {isa = PBXFileReference; lastKnownFileType = image.jpeg; path = "107@2x.jpg"; sourceTree = "<group>"; };
		2615B2BC1A9377390077B9BE /* 108@2x.jpg */ = {isa = PBXFileReference; lastKnownFileType = image.jpeg; path = "108@2x.jpg"; sourceTree = "<group>"; };
		2615B2BD1A9377390077B9BE /* 109@2x.jpg */ = {isa = PBXFileReference; lastKnownFileType = image.jpeg; path = "109@2x.jpg"; sourceTree = "<group>"; };
		2615B2BE1A9377390077B9BE /* 10@2x.jpg */ = {isa = PBXFileReference; lastKnownFileType = image.jpeg; path = "10@2x.jpg"; sourceTree = "<group>"; };
		2615B2BF1A9377390077B9BE /* 110@2x.jpg */ = {isa = PBXFileReference; lastKnownFileType = image.jpeg; path = "110@2x.jpg"; sourceTree = "<group>"; };
		2615B2C01A9377390077B9BE /* 111@2x.jpg */ = {isa = PBXFileReference; lastKnownFileType = image.jpeg; path = "111@2x.jpg"; sourceTree = "<group>"; };
		2615B2C11A9377390077B9BE /* 112@2x.jpg */ = {isa = PBXFileReference; lastKnownFileType = image.jpeg; path = "112@2x.jpg"; sourceTree = "<group>"; };
		2615B2C21A9377390077B9BE /* 113@2x.jpg */ = {isa = PBXFileReference; lastKnownFileType = image.jpeg; path = "113@2x.jpg"; sourceTree = "<group>"; };
		2615B2C31A9377390077B9BE /* 114@2x.jpg */ = {isa = PBXFileReference; lastKnownFileType = image.jpeg; path = "114@2x.jpg"; sourceTree = "<group>"; };
		2615B2C41A9377390077B9BE /* 115@2x.jpg */ = {isa = PBXFileReference; lastKnownFileType = image.jpeg; path = "115@2x.jpg"; sourceTree = "<group>"; };
		2615B2C51A9377390077B9BE /* 11@2x.jpg */ = {isa = PBXFileReference; lastKnownFileType = image.jpeg; path = "11@2x.jpg"; sourceTree = "<group>"; };
		2615B2C61A9377390077B9BE /* 12@2x.jpg */ = {isa = PBXFileReference; lastKnownFileType = image.jpeg; path = "12@2x.jpg"; sourceTree = "<group>"; };
		2615B2C71A9377390077B9BE /* 13@2x.jpg */ = {isa = PBXFileReference; lastKnownFileType = image.jpeg; path = "13@2x.jpg"; sourceTree = "<group>"; };
		2615B2C81A9377390077B9BE /* 14@2x.jpg */ = {isa = PBXFileReference; lastKnownFileType = image.jpeg; path = "14@2x.jpg"; sourceTree = "<group>"; };
		2615B2C91A9377390077B9BE /* 15@2x.jpg */ = {isa = PBXFileReference; lastKnownFileType = image.jpeg; path = "15@2x.jpg"; sourceTree = "<group>"; };
		2615B2CA1A9377390077B9BE /* 16@2x.jpg */ = {isa = PBXFileReference; lastKnownFileType = image.jpeg; path = "16@2x.jpg"; sourceTree = "<group>"; };
		2615B2CB1A9377390077B9BE /* 17@2x.jpg */ = {isa = PBXFileReference; lastKnownFileType = image.jpeg; path = "17@2x.jpg"; sourceTree = "<group>"; };
		2615B2CC1A9377390077B9BE /* 18@2x.jpg */ = {isa = PBXFileReference; lastKnownFileType = image.jpeg; path = "18@2x.jpg"; sourceTree = "<group>"; };
		2615B2CD1A9377390077B9BE /* 19@2x.jpg */ = {isa = PBXFileReference; lastKnownFileType = image.jpeg; path = "19@2x.jpg"; sourceTree = "<group>"; };
		2615B2CE1A9377390077B9BE /* 1@2x.jpg */ = {isa = PBXFileReference; lastKnownFileType = image.jpeg; path = "1@2x.jpg"; sourceTree = "<group>"; };
		2615B2CF1A9377390077B9BE /* 20@2x.jpg */ = {isa = PBXFileReference; lastKnownFileType = image.jpeg; path = "20@2x.jpg"; sourceTree = "<group>"; };
		2615B2D01A9377390077B9BE /* 21@2x.jpg */ = {isa = PBXFileReference; lastKnownFileType = image.jpeg; path = "21@2x.jpg"; sourceTree = "<group>"; };
		2615B2D11A9377390077B9BE /* 22@2x.jpg */ = {isa = PBXFileReference; lastKnownFileType = image.jpeg; path = "22@2x.jpg"; sourceTree = "<group>"; };
		2615B2D21A9377390077B9BE /* 23@2x.jpg */ = {isa = PBXFileReference; lastKnownFileType = image.jpeg; path = "23@2x.jpg"; sourceTree = "<group>"; };
		2615B2D31A9377390077B9BE /* 24@2x.jpg */ = {isa = PBXFileReference; lastKnownFileType = image.jpeg; path = "24@2x.jpg"; sourceTree = "<group>"; };
		2615B2D41A9377390077B9BE /* 25@2x.jpg */ = {isa = PBXFileReference; lastKnownFileType = image.jpeg; path = "25@2x.jpg"; sourceTree = "<group>"; };
		2615B2D51A9377390077B9BE /* 26@2x.jpg */ = {isa = PBXFileReference; lastKnownFileType = image.jpeg; path = "26@2x.jpg"; sourceTree = "<group>"; };
		2615B2D61A9377390077B9BE /* 27@2x.jpg */ = {isa = PBXFileReference; lastKnownFileType = image.jpeg; path = "27@2x.jpg"; sourceTree = "<group>"; };
		2615B2D71A9377390077B9BE /* 28@2x.jpg */ = {isa = PBXFileReference; lastKnownFileType = image.jpeg; path = "28@2x.jpg"; sourceTree = "<group>"; };
		2615B2D81A9377390077B9BE /* 29@2x.jpg */ = {isa = PBXFileReference; lastKnownFileType = image.jpeg; path = "29@2x.jpg"; sourceTree = "<group>"; };
		2615B2D91A9377390077B9BE /* 2@2x.jpg */ = {isa = PBXFileReference; lastKnownFileType = image.jpeg; path = "2@2x.jpg"; sourceTree = "<group>"; };
		2615B2DA1A9377390077B9BE /* 30@2x.jpg */ = {isa = PBXFileReference; lastKnownFileType = image.jpeg; path = "30@2x.jpg"; sourceTree = "<group>"; };
		2615B2DB1A9377390077B9BE /* 31@2x.jpg */ = {isa = PBXFileReference; lastKnownFileType = image.jpeg; path = "31@2x.jpg"; sourceTree = "<group>"; };
		2615B2DC1A9377390077B9BE /* 32@2x.jpg */ = {isa = PBXFileReference; lastKnownFileType = image.jpeg; path = "32@2x.jpg"; sourceTree = "<group>"; };
		2615B2DD1A9377390077B9BE /* 33@2x.jpg */ = {isa = PBXFileReference; lastKnownFileType = image.jpeg; path = "33@2x.jpg"; sourceTree = "<group>"; };
		2615B2DE1A9377390077B9BE /* 34@2x.jpg */ = {isa = PBXFileReference; lastKnownFileType = image.jpeg; path = "34@2x.jpg"; sourceTree = "<group>"; };
		2615B2DF1A9377390077B9BE /* 35@2x.jpg */ = {isa = PBXFileReference; lastKnownFileType = image.jpeg; path = "35@2x.jpg"; sourceTree = "<group>"; };
		2615B2E01A9377390077B9BE /* 36@2x.jpg */ = {isa = PBXFileReference; lastKnownFileType = image.jpeg; path = "36@2x.jpg"; sourceTree = "<group>"; };
		2615B2E11A9377390077B9BE /* 37@2x.jpg */ = {isa = PBXFileReference; lastKnownFileType = image.jpeg; path = "37@2x.jpg"; sourceTree = "<group>"; };
		2615B2E21A9377390077B9BE /* 38@2x.jpg */ = {isa = PBXFileReference; lastKnownFileType = image.jpeg; path = "38@2x.jpg"; sourceTree = "<group>"; };
		2615B2E31A9377390077B9BE /* 39@2x.jpg */ = {isa = PBXFileReference; lastKnownFileType = image.jpeg; path = "39@2x.jpg"; sourceTree = "<group>"; };
		2615B2E41A9377390077B9BE /* 3@2x.jpg */ = {isa = PBXFileReference; lastKnownFileType = image.jpeg; path = "3@2x.jpg"; sourceTree = "<group>"; };
		2615B2E51A9377390077B9BE /* 40@2x.jpg */ = {isa = PBXFileReference; lastKnownFileType = image.jpeg; path = "40@2x.jpg"; sourceTree = "<group>"; };
		2615B2E61A9377390077B9BE /* 41@2x.jpg */ = {isa = PBXFileReference; lastKnownFileType = image.jpeg; path = "41@2x.jpg"; sourceTree = "<group>"; };
		2615B2E71A9377390077B9BE /* 42@2x.jpg */ = {isa = PBXFileReference; lastKnownFileType = image.jpeg; path = "42@2x.jpg"; sourceTree = "<group>"; };
		2615B2E81A9377390077B9BE /* 43@2x.jpg */ = {isa = PBXFileReference; lastKnownFileType = image.jpeg; path = "43@2x.jpg"; sourceTree = "<group>"; };
		2615B2E91A9377390077B9BE /* 44@2x.jpg */ = {isa = PBXFileReference; lastKnownFileType = image.jpeg; path = "44@2x.jpg"; sourceTree = "<group>"; };
		2615B2EA1A9377390077B9BE /* 45@2x.jpg */ = {isa = PBXFileReference; lastKnownFileType = image.jpeg; path = "45@2x.jpg"; sourceTree = "<group>"; };
		2615B2EB1A9377390077B9BE /* 46@2x.jpg */ = {isa = PBXFileReference; lastKnownFileType = image.jpeg; path = "46@2x.jpg"; sourceTree = "<group>"; };
		2615B2EC1A9377390077B9BE /* 47@2x.jpg */ = {isa = PBXFileReference; lastKnownFileType = image.jpeg; path = "47@2x.jpg"; sourceTree = "<group>"; };
		2615B2ED1A9377390077B9BE /* 48@2x.jpg */ = {isa = PBXFileReference; lastKnownFileType = image.jpeg; path = "48@2x.jpg"; sourceTree = "<group>"; };
		2615B2EE1A9377390077B9BE /* 49@2x.jpg */ = {isa = PBXFileReference; lastKnownFileType = image.jpeg; path = "49@2x.jpg"; sourceTree = "<group>"; };
		2615B2EF1A9377390077B9BE /* 4@2x.jpg */ = {isa = PBXFileReference; lastKnownFileType = image.jpeg; path = "4@2x.jpg"; sourceTree = "<group>"; };
		2615B2F01A9377390077B9BE /* 50@2x.jpg */ = {isa = PBXFileReference; lastKnownFileType = image.jpeg; path = "50@2x.jpg"; sourceTree = "<group>"; };
		2615B2F11A9377390077B9BE /* 51@2x.jpg */ = {isa = PBXFileReference; lastKnownFileType = image.jpeg; path = "51@2x.jpg"; sourceTree = "<group>"; };
		2615B2F21A9377390077B9BE /* 52@2x.jpg */ = {isa = PBXFileReference; lastKnownFileType = image.jpeg; path = "52@2x.jpg"; sourceTree = "<group>"; };
		2615B2F31A9377390077B9BE /* 53@2x.jpg */ = {isa = PBXFileReference; lastKnownFileType = image.jpeg; path = "53@2x.jpg"; sourceTree = "<group>"; };
		2615B2F41A9377390077B9BE /* 54@2x.jpg */ = {isa = PBXFileReference; lastKnownFileType = image.jpeg; path = "54@2x.jpg"; sourceTree = "<group>"; };
		2615B2F51A9377390077B9BE /* 55@2x.jpg */ = {isa = PBXFileReference; lastKnownFileType = image.jpeg; path = "55@2x.jpg"; sourceTree = "<group>"; };
		2615B2F61A9377390077B9BE /* 56@2x.jpg */ = {isa = PBXFileReference; lastKnownFileType = image.jpeg; path = "56@2x.jpg"; sourceTree = "<group>"; };
		2615B2F71A9377390077B9BE /* 57@2x.jpg */ = {isa = PBXFileReference; lastKnownFileType = image.jpeg; path = "57@2x.jpg"; sourceTree = "<group>"; };
		2615B2F81A9377390077B9BE /* 58@2x.jpg */ = {isa = PBXFileReference; lastKnownFileType = image.jpeg; path = "58@2x.jpg"; sourceTree = "<group>"; };
		2615B2F91A9377390077B9BE /* 59@2x.jpg */ = {isa = PBXFileReference; lastKnownFileType = image.jpeg; path = "59@2x.jpg"; sourceTree = "<group>"; };
		2615B2FA1A9377390077B9BE /* 5@2x.jpg */ = {isa = PBXFileReference; lastKnownFileType = image.jpeg; path = "5@2x.jpg"; sourceTree = "<group>"; };
		2615B2FB1A9377390077B9BE /* 60@2x.jpg */ = {isa = PBXFileReference; lastKnownFileType = image.jpeg; path = "60@2x.jpg"; sourceTree = "<group>"; };
		2615B2FC1A9377390077B9BE /* 61@2x.jpg */ = {isa = PBXFileReference; lastKnownFileType = image.jpeg; path = "61@2x.jpg"; sourceTree = "<group>"; };
		2615B2FD1A9377390077B9BE /* 62@2x.jpg */ = {isa = PBXFileReference; lastKnownFileType = image.jpeg; path = "62@2x.jpg"; sourceTree = "<group>"; };
		2615B2FE1A9377390077B9BE /* 63@2x.jpg */ = {isa = PBXFileReference; lastKnownFileType = image.jpeg; path = "63@2x.jpg"; sourceTree = "<group>"; };
		2615B2FF1A9377390077B9BE /* 64@2x.jpg */ = {isa = PBXFileReference; lastKnownFileType = image.jpeg; path = "64@2x.jpg"; sourceTree = "<group>"; };
		2615B3001A9377390077B9BE /* 65@2x.jpg */ = {isa = PBXFileReference; lastKnownFileType = image.jpeg; path = "65@2x.jpg"; sourceTree = "<group>"; };
		2615B3011A9377390077B9BE /* 66@2x.jpg */ = {isa = PBXFileReference; lastKnownFileType = image.jpeg; path = "66@2x.jpg"; sourceTree = "<group>"; };
		2615B3021A9377390077B9BE /* 67@2x.jpg */ = {isa = PBXFileReference; lastKnownFileType = image.jpeg; path = "67@2x.jpg"; sourceTree = "<group>"; };
		2615B3031A9377390077B9BE /* 68@2x.jpg */ = {isa = PBXFileReference; lastKnownFileType = image.jpeg; path = "68@2x.jpg"; sourceTree = "<group>"; };
		2615B3041A9377390077B9BE /* 69@2x.jpg */ = {isa = PBXFileReference; lastKnownFileType = image.jpeg; path = "69@2x.jpg"; sourceTree = "<group>"; };
		2615B3051A9377390077B9BE /* 6@2x.jpg */ = {isa = PBXFileReference; lastKnownFileType = image.jpeg; path = "6@2x.jpg"; sourceTree = "<group>"; };
		2615B3061A9377390077B9BE /* 70@2x.jpg */ = {isa = PBXFileReference; lastKnownFileType = image.jpeg; path = "70@2x.jpg"; sourceTree = "<group>"; };
		2615B3071A9377390077B9BE /* 71@2x.jpg */ = {isa = PBXFileReference; lastKnownFileType = image.jpeg; path = "71@2x.jpg"; sourceTree = "<group>"; };
		2615B3081A9377390077B9BE /* 72@2x.jpg */ = {isa = PBXFileReference; lastKnownFileType = image.jpeg; path = "72@2x.jpg"; sourceTree = "<group>"; };
		2615B3091A9377390077B9BE /* 73@2x.jpg */ = {isa = PBXFileReference; lastKnownFileType = image.jpeg; path = "73@2x.jpg"; sourceTree = "<group>"; };
		2615B30A1A9377390077B9BE /* 74@2x.jpg */ = {isa = PBXFileReference; lastKnownFileType = image.jpeg; path = "74@2x.jpg"; sourceTree = "<group>"; };
		2615B30B1A9377390077B9BE /* 75@2x.jpg */ = {isa = PBXFileReference; lastKnownFileType = image.jpeg; path = "75@2x.jpg"; sourceTree = "<group>"; };
		2615B30C1A9377390077B9BE /* 76@2x.jpg */ = {isa = PBXFileReference; lastKnownFileType = image.jpeg; path = "76@2x.jpg"; sourceTree = "<group>"; };
		2615B30D1A9377390077B9BE /* 77@2x.jpg */ = {isa = PBXFileReference; lastKnownFileType = image.jpeg; path = "77@2x.jpg"; sourceTree = "<group>"; };
		2615B30E1A9377390077B9BE /* 78@2x.jpg */ = {isa = PBXFileReference; lastKnownFileType = image.jpeg; path = "78@2x.jpg"; sourceTree = "<group>"; };
		2615B30F1A9377390077B9BE /* 79@2x.jpg */ = {isa = PBXFileReference; lastKnownFileType = image.jpeg; path = "79@2x.jpg"; sourceTree = "<group>"; };
		2615B3101A9377390077B9BE /* 7@2x.jpg */ = {isa = PBXFileReference; lastKnownFileType = image.jpeg; path = "7@2x.jpg"; sourceTree = "<group>"; };
		2615B3111A9377390077B9BE /* 80@2x.jpg */ = {isa = PBXFileReference; lastKnownFileType = image.jpeg; path = "80@2x.jpg"; sourceTree = "<group>"; };
		2615B3121A9377390077B9BE /* 81@2x.jpg */ = {isa = PBXFileReference; lastKnownFileType = image.jpeg; path = "81@2x.jpg"; sourceTree = "<group>"; };
		2615B3131A9377390077B9BE /* 82@2x.jpg */ = {isa = PBXFileReference; lastKnownFileType = image.jpeg; path = "82@2x.jpg"; sourceTree = "<group>"; };
		2615B3141A9377390077B9BE /* 83@2x.jpg */ = {isa = PBXFileReference; lastKnownFileType = image.jpeg; path = "83@2x.jpg"; sourceTree = "<group>"; };
		2615B3151A9377390077B9BE /* 84@2x.jpg */ = {isa = PBXFileReference; lastKnownFileType = image.jpeg; path = "84@2x.jpg"; sourceTree = "<group>"; };
		2615B3161A9377390077B9BE /* 85@2x.jpg */ = {isa = PBXFileReference; lastKnownFileType = image.jpeg; path = "85@2x.jpg"; sourceTree = "<group>"; };
		2615B3171A9377390077B9BE /* 86@2x.jpg */ = {isa = PBXFileReference; lastKnownFileType = image.jpeg; path = "86@2x.jpg"; sourceTree = "<group>"; };
		2615B3181A9377390077B9BE /* 87@2x.jpg */ = {isa = PBXFileReference; lastKnownFileType = image.jpeg; path = "87@2x.jpg"; sourceTree = "<group>"; };
		2615B3191A9377390077B9BE /* 88@2x.jpg */ = {isa = PBXFileReference; lastKnownFileType = image.jpeg; path = "88@2x.jpg"; sourceTree = "<group>"; };
		2615B31A1A9377390077B9BE /* 89@2x.jpg */ = {isa = PBXFileReference; lastKnownFileType = image.jpeg; path = "89@2x.jpg"; sourceTree = "<group>"; };
		2615B31B1A9377390077B9BE /* 8@2x.jpg */ = {isa = PBXFileReference; lastKnownFileType = image.jpeg; path = "8@2x.jpg"; sourceTree = "<group>"; };
		2615B31C1A9377390077B9BE /* 90@2x.jpg */ = {isa = PBXFileReference; lastKnownFileType = image.jpeg; path = "90@2x.jpg"; sourceTree = "<group>"; };
		2615B31D1A9377390077B9BE /* 91@2x.jpg */ = {isa = PBXFileReference; lastKnownFileType = image.jpeg; path = "91@2x.jpg"; sourceTree = "<group>"; };
		2615B31E1A9377390077B9BE /* 92@2x.jpg */ = {isa = PBXFileReference; lastKnownFileType = image.jpeg; path = "92@2x.jpg"; sourceTree = "<group>"; };
		2615B31F1A9377390077B9BE /* 93@2x.jpg */ = {isa = PBXFileReference; lastKnownFileType = image.jpeg; path = "93@2x.jpg"; sourceTree = "<group>"; };
		2615B3201A9377390077B9BE /* 94@2x.jpg */ = {isa = PBXFileReference; lastKnownFileType = image.jpeg; path = "94@2x.jpg"; sourceTree = "<group>"; };
		2615B3211A9377390077B9BE /* 95@2x.jpg */ = {isa = PBXFileReference; lastKnownFileType = image.jpeg; path = "95@2x.jpg"; sourceTree = "<group>"; };
		2615B3221A9377390077B9BE /* 96@2x.jpg */ = {isa = PBXFileReference; lastKnownFileType = image.jpeg; path = "96@2x.jpg"; sourceTree = "<group>"; };
		2615B3231A9377390077B9BE /* 99@2x.jpg */ = {isa = PBXFileReference; lastKnownFileType = image.jpeg; path = "99@2x.jpg"; sourceTree = "<group>"; };
		2615B3241A9377390077B9BE /* 9@2x.jpg */ = {isa = PBXFileReference; lastKnownFileType = image.jpeg; path = "9@2x.jpg"; sourceTree = "<group>"; };
		564D0053876B74D2E0E81632 /* libPods.a */ = {isa = PBXFileReference; explicitFileType = archive.ar; includeInIndex = 0; path = libPods.a; sourceTree = BUILT_PRODUCTS_DIR; };
		C73321C85A549808D35C0C54 /* Pods.release.xcconfig */ = {isa = PBXFileReference; includeInIndex = 1; lastKnownFileType = text.xcconfig; name = Pods.release.xcconfig; path = "Pods/Target Support Files/Pods/Pods.release.xcconfig"; sourceTree = "<group>"; };
		D9E3695A1A5D3D78003A91FD /* Scrambled.app */ = {isa = PBXFileReference; explicitFileType = wrapper.application; includeInIndex = 0; path = Scrambled.app; sourceTree = BUILT_PRODUCTS_DIR; };
		D9E3695E1A5D3D78003A91FD /* Info.plist */ = {isa = PBXFileReference; lastKnownFileType = text.plist.xml; path = Info.plist; sourceTree = "<group>"; };
		D9E3695F1A5D3D78003A91FD /* main.m */ = {isa = PBXFileReference; lastKnownFileType = sourcecode.c.objc; path = main.m; sourceTree = "<group>"; };
		D9E369611A5D3D78003A91FD /* AppDelegate.h */ = {isa = PBXFileReference; lastKnownFileType = sourcecode.c.h; path = AppDelegate.h; sourceTree = "<group>"; };
		D9E369621A5D3D78003A91FD /* AppDelegate.m */ = {isa = PBXFileReference; lastKnownFileType = sourcecode.c.objc; path = AppDelegate.m; sourceTree = "<group>"; };
		D9E369641A5D3D78003A91FD /* SCBContainerViewController.h */ = {isa = PBXFileReference; lastKnownFileType = sourcecode.c.h; path = SCBContainerViewController.h; sourceTree = "<group>"; };
		D9E369651A5D3D78003A91FD /* SCBContainerViewController.m */ = {isa = PBXFileReference; lastKnownFileType = sourcecode.c.objc; path = SCBContainerViewController.m; sourceTree = "<group>"; };
		D9E3696A1A5D3D78003A91FD /* Images.xcassets */ = {isa = PBXFileReference; lastKnownFileType = folder.assetcatalog; path = Images.xcassets; sourceTree = "<group>"; };
		D9E3696D1A5D3D78003A91FD /* Base */ = {isa = PBXFileReference; lastKnownFileType = file.xib; name = Base; path = Base.lproj/LaunchScreen.xib; sourceTree = "<group>"; };
		D9E369731A5D3D78003A91FD /* ScrambledTests.xctest */ = {isa = PBXFileReference; explicitFileType = wrapper.cfbundle; includeInIndex = 0; path = ScrambledTests.xctest; sourceTree = BUILT_PRODUCTS_DIR; };
		D9E369781A5D3D78003A91FD /* Info.plist */ = {isa = PBXFileReference; lastKnownFileType = text.plist.xml; path = Info.plist; sourceTree = "<group>"; };
		D9E369791A5D3D78003A91FD /* ScrambledTests.m */ = {isa = PBXFileReference; lastKnownFileType = sourcecode.c.objc; path = ScrambledTests.m; sourceTree = "<group>"; };
		D9E369851A5D44F3003A91FD /* SCBPuzzle.h */ = {isa = PBXFileReference; fileEncoding = 4; lastKnownFileType = sourcecode.c.h; path = SCBPuzzle.h; sourceTree = "<group>"; };
		D9E369861A5D44F3003A91FD /* SCBPuzzle.m */ = {isa = PBXFileReference; fileEncoding = 4; lastKnownFileType = sourcecode.c.objc; path = SCBPuzzle.m; sourceTree = "<group>"; };
		D9E369881A5D455F003A91FD /* SCBPuzzleTile.h */ = {isa = PBXFileReference; fileEncoding = 4; lastKnownFileType = sourcecode.c.h; path = SCBPuzzleTile.h; sourceTree = "<group>"; };
		D9E369891A5D455F003A91FD /* SCBPuzzleTile.m */ = {isa = PBXFileReference; fileEncoding = 4; lastKnownFileType = sourcecode.c.objc; path = SCBPuzzleTile.m; sourceTree = "<group>"; };
		D9E3698B1A5D4747003A91FD /* SCBFrameProvider.h */ = {isa = PBXFileReference; fileEncoding = 4; lastKnownFileType = sourcecode.c.h; path = SCBFrameProvider.h; sourceTree = "<group>"; };
		D9E3698C1A5D4747003A91FD /* SCBFrameProvider.m */ = {isa = PBXFileReference; fileEncoding = 4; lastKnownFileType = sourcecode.c.objc; path = SCBFrameProvider.m; sourceTree = "<group>"; };
		D9E369901A5D4CCC003A91FD /* SCBSettingsViewController.h */ = {isa = PBXFileReference; fileEncoding = 4; lastKnownFileType = sourcecode.c.h; path = SCBSettingsViewController.h; sourceTree = "<group>"; };
		D9E369911A5D4CCC003A91FD /* SCBSettingsViewController.m */ = {isa = PBXFileReference; fileEncoding = 4; lastKnownFileType = sourcecode.c.objc; path = SCBSettingsViewController.m; sourceTree = "<group>"; };
		D9E36C991A5D9CE2003A91FD /* NSUserDefaults+Preferences.h */ = {isa = PBXFileReference; fileEncoding = 4; lastKnownFileType = sourcecode.c.h; path = "NSUserDefaults+Preferences.h"; sourceTree = "<group>"; };
		D9E36C9A1A5D9CE2003A91FD /* NSUserDefaults+Preferences.m */ = {isa = PBXFileReference; fileEncoding = 4; lastKnownFileType = sourcecode.c.objc; path = "NSUserDefaults+Preferences.m"; sourceTree = "<group>"; };
		DA5CF9E079245F4FB5458863 /* Pods.debug.xcconfig */ = {isa = PBXFileReference; includeInIndex = 1; lastKnownFileType = text.xcconfig; name = Pods.debug.xcconfig; path = "Pods/Target Support Files/Pods/Pods.debug.xcconfig"; sourceTree = "<group>"; };
/* End PBXFileReference section */

/* Begin PBXFrameworksBuildPhase section */
		D9E369571A5D3D78003A91FD /* Frameworks */ = {
			isa = PBXFrameworksBuildPhase;
			buildActionMask = 2147483647;
			files = (
				4F417121ED2229F14A006011 /* libPods.a in Frameworks */,
			);
			runOnlyForDeploymentPostprocessing = 0;
		};
		D9E369701A5D3D78003A91FD /* Frameworks */ = {
			isa = PBXFrameworksBuildPhase;
			buildActionMask = 2147483647;
			files = (
			);
			runOnlyForDeploymentPostprocessing = 0;
		};
/* End PBXFrameworksBuildPhase section */

/* Begin PBXGroup section */
		2615B2B31A9377390077B9BE /* pictures */ = {
			isa = PBXGroup;
			children = (
				2615B2B41A9377390077B9BE /* 100@2x.jpg */,
				2615B2B51A9377390077B9BE /* 101@2x.jpg */,
				2615B2B61A9377390077B9BE /* 102@2x.jpg */,
				2615B2B71A9377390077B9BE /* 103@2x.jpg */,
				2615B2B81A9377390077B9BE /* 104@2x.jpg */,
				2615B2B91A9377390077B9BE /* 105@2x.jpg */,
				2615B2BA1A9377390077B9BE /* 106@2x.jpg */,
				2615B2BB1A9377390077B9BE /* 107@2x.jpg */,
				2615B2BC1A9377390077B9BE /* 108@2x.jpg */,
				2615B2BD1A9377390077B9BE /* 109@2x.jpg */,
				2615B2BE1A9377390077B9BE /* 10@2x.jpg */,
				2615B2BF1A9377390077B9BE /* 110@2x.jpg */,
				2615B2C01A9377390077B9BE /* 111@2x.jpg */,
				2615B2C11A9377390077B9BE /* 112@2x.jpg */,
				2615B2C21A9377390077B9BE /* 113@2x.jpg */,
				2615B2C31A9377390077B9BE /* 114@2x.jpg */,
				2615B2C41A9377390077B9BE /* 115@2x.jpg */,
				2615B2C51A9377390077B9BE /* 11@2x.jpg */,
				2615B2C61A9377390077B9BE /* 12@2x.jpg */,
				2615B2C71A9377390077B9BE /* 13@2x.jpg */,
				2615B2C81A9377390077B9BE /* 14@2x.jpg */,
				2615B2C91A9377390077B9BE /* 15@2x.jpg */,
				2615B2CA1A9377390077B9BE /* 16@2x.jpg */,
				2615B2CB1A9377390077B9BE /* 17@2x.jpg */,
				2615B2CC1A9377390077B9BE /* 18@2x.jpg */,
				2615B2CD1A9377390077B9BE /* 19@2x.jpg */,
				2615B2CE1A9377390077B9BE /* 1@2x.jpg */,
				2615B2CF1A9377390077B9BE /* 20@2x.jpg */,
				2615B2D01A9377390077B9BE /* 21@2x.jpg */,
				2615B2D11A9377390077B9BE /* 22@2x.jpg */,
				2615B2D21A9377390077B9BE /* 23@2x.jpg */,
				2615B2D31A9377390077B9BE /* 24@2x.jpg */,
				2615B2D41A9377390077B9BE /* 25@2x.jpg */,
				2615B2D51A9377390077B9BE /* 26@2x.jpg */,
				2615B2D61A9377390077B9BE /* 27@2x.jpg */,
				2615B2D71A9377390077B9BE /* 28@2x.jpg */,
				2615B2D81A9377390077B9BE /* 29@2x.jpg */,
				2615B2D91A9377390077B9BE /* 2@2x.jpg */,
				2615B2DA1A9377390077B9BE /* 30@2x.jpg */,
				2615B2DB1A9377390077B9BE /* 31@2x.jpg */,
				2615B2DC1A9377390077B9BE /* 32@2x.jpg */,
				2615B2DD1A9377390077B9BE /* 33@2x.jpg */,
				2615B2DE1A9377390077B9BE /* 34@2x.jpg */,
				2615B2DF1A9377390077B9BE /* 35@2x.jpg */,
				2615B2E01A9377390077B9BE /* 36@2x.jpg */,
				2615B2E11A9377390077B9BE /* 37@2x.jpg */,
				2615B2E21A9377390077B9BE /* 38@2x.jpg */,
				2615B2E31A9377390077B9BE /* 39@2x.jpg */,
				2615B2E41A9377390077B9BE /* 3@2x.jpg */,
				2615B2E51A9377390077B9BE /* 40@2x.jpg */,
				2615B2E61A9377390077B9BE /* 41@2x.jpg */,
				2615B2E71A9377390077B9BE /* 42@2x.jpg */,
				2615B2E81A9377390077B9BE /* 43@2x.jpg */,
				2615B2E91A9377390077B9BE /* 44@2x.jpg */,
				2615B2EA1A9377390077B9BE /* 45@2x.jpg */,
				2615B2EB1A9377390077B9BE /* 46@2x.jpg */,
				2615B2EC1A9377390077B9BE /* 47@2x.jpg */,
				2615B2ED1A9377390077B9BE /* 48@2x.jpg */,
				2615B2EE1A9377390077B9BE /* 49@2x.jpg */,
				2615B2EF1A9377390077B9BE /* 4@2x.jpg */,
				2615B2F01A9377390077B9BE /* 50@2x.jpg */,
				2615B2F11A9377390077B9BE /* 51@2x.jpg */,
				2615B2F21A9377390077B9BE /* 52@2x.jpg */,
				2615B2F31A9377390077B9BE /* 53@2x.jpg */,
				2615B2F41A9377390077B9BE /* 54@2x.jpg */,
				2615B2F51A9377390077B9BE /* 55@2x.jpg */,
				2615B2F61A9377390077B9BE /* 56@2x.jpg */,
				2615B2F71A9377390077B9BE /* 57@2x.jpg */,
				2615B2F81A9377390077B9BE /* 58@2x.jpg */,
				2615B2F91A9377390077B9BE /* 59@2x.jpg */,
				2615B2FA1A9377390077B9BE /* 5@2x.jpg */,
				2615B2FB1A9377390077B9BE /* 60@2x.jpg */,
				2615B2FC1A9377390077B9BE /* 61@2x.jpg */,
				2615B2FD1A9377390077B9BE /* 62@2x.jpg */,
				2615B2FE1A9377390077B9BE /* 63@2x.jpg */,
				2615B2FF1A9377390077B9BE /* 64@2x.jpg */,
				2615B3001A9377390077B9BE /* 65@2x.jpg */,
				2615B3011A9377390077B9BE /* 66@2x.jpg */,
				2615B3021A9377390077B9BE /* 67@2x.jpg */,
				2615B3031A9377390077B9BE /* 68@2x.jpg */,
				2615B3041A9377390077B9BE /* 69@2x.jpg */,
				2615B3051A9377390077B9BE /* 6@2x.jpg */,
				2615B3061A9377390077B9BE /* 70@2x.jpg */,
				2615B3071A9377390077B9BE /* 71@2x.jpg */,
				2615B3081A9377390077B9BE /* 72@2x.jpg */,
				2615B3091A9377390077B9BE /* 73@2x.jpg */,
				2615B30A1A9377390077B9BE /* 74@2x.jpg */,
				2615B30B1A9377390077B9BE /* 75@2x.jpg */,
				2615B30C1A9377390077B9BE /* 76@2x.jpg */,
				2615B30D1A9377390077B9BE /* 77@2x.jpg */,
				2615B30E1A9377390077B9BE /* 78@2x.jpg */,
				2615B30F1A9377390077B9BE /* 79@2x.jpg */,
				2615B3101A9377390077B9BE /* 7@2x.jpg */,
				2615B3111A9377390077B9BE /* 80@2x.jpg */,
				2615B3121A9377390077B9BE /* 81@2x.jpg */,
				2615B3131A9377390077B9BE /* 82@2x.jpg */,
				2615B3141A9377390077B9BE /* 83@2x.jpg */,
				2615B3151A9377390077B9BE /* 84@2x.jpg */,
				2615B3161A9377390077B9BE /* 85@2x.jpg */,
				2615B3171A9377390077B9BE /* 86@2x.jpg */,
				2615B3181A9377390077B9BE /* 87@2x.jpg */,
				2615B3191A9377390077B9BE /* 88@2x.jpg */,
				2615B31A1A9377390077B9BE /* 89@2x.jpg */,
				2615B31B1A9377390077B9BE /* 8@2x.jpg */,
				2615B31C1A9377390077B9BE /* 90@2x.jpg */,
				2615B31D1A9377390077B9BE /* 91@2x.jpg */,
				2615B31E1A9377390077B9BE /* 92@2x.jpg */,
				2615B31F1A9377390077B9BE /* 93@2x.jpg */,
				2615B3201A9377390077B9BE /* 94@2x.jpg */,
				2615B3211A9377390077B9BE /* 95@2x.jpg */,
				2615B3221A9377390077B9BE /* 96@2x.jpg */,
				2615B3231A9377390077B9BE /* 99@2x.jpg */,
				2615B3241A9377390077B9BE /* 9@2x.jpg */,
			);
			path = pictures;
			sourceTree = "<group>";
		};
		541D466AB2B66D0AB0667AC6 /* Frameworks */ = {
			isa = PBXGroup;
			children = (
				564D0053876B74D2E0E81632 /* libPods.a */,
			);
			name = Frameworks;
			sourceTree = "<group>";
		};
		D9E369511A5D3D78003A91FD = {
			isa = PBXGroup;
			children = (
				D9E3695C1A5D3D78003A91FD /* Scrambled */,
				D9E369761A5D3D78003A91FD /* ScrambledTests */,
				D9E3695B1A5D3D78003A91FD /* Products */,
				E64939B83E2BA8FD14F95EB3 /* Pods */,
				541D466AB2B66D0AB0667AC6 /* Frameworks */,
			);
			sourceTree = "<group>";
		};
		D9E3695B1A5D3D78003A91FD /* Products */ = {
			isa = PBXGroup;
			children = (
				D9E3695A1A5D3D78003A91FD /* Scrambled.app */,
				D9E369731A5D3D78003A91FD /* ScrambledTests.xctest */,
			);
			name = Products;
			sourceTree = "<group>";
		};
		D9E3695C1A5D3D78003A91FD /* Scrambled */ = {
			isa = PBXGroup;
			children = (
				2615B2B31A9377390077B9BE /* pictures */,
				D9E369611A5D3D78003A91FD /* AppDelegate.h */,
				D9E369621A5D3D78003A91FD /* AppDelegate.m */,
				D9E369831A5D44B8003A91FD /* ViewControllers */,
				D9E3696A1A5D3D78003A91FD /* Images.xcassets */,
				D9E369841A5D44DA003A91FD /* Views */,
				D9E3696C1A5D3D78003A91FD /* LaunchScreen.xib */,
				D9E3695D1A5D3D78003A91FD /* Supporting Files */,
				D9E3698B1A5D4747003A91FD /* SCBFrameProvider.h */,
				D9E3698C1A5D4747003A91FD /* SCBFrameProvider.m */,
				D9E36C991A5D9CE2003A91FD /* NSUserDefaults+Preferences.h */,
				D9E36C9A1A5D9CE2003A91FD /* NSUserDefaults+Preferences.m */,
			);
			path = Scrambled;
			sourceTree = "<group>";
		};
		D9E3695D1A5D3D78003A91FD /* Supporting Files */ = {
			isa = PBXGroup;
			children = (
				D9E3695E1A5D3D78003A91FD /* Info.plist */,
				D9E3695F1A5D3D78003A91FD /* main.m */,
			);
			name = "Supporting Files";
			sourceTree = "<group>";
		};
		D9E369761A5D3D78003A91FD /* ScrambledTests */ = {
			isa = PBXGroup;
			children = (
				D9E369791A5D3D78003A91FD /* ScrambledTests.m */,
				D9E369771A5D3D78003A91FD /* Supporting Files */,
			);
			path = ScrambledTests;
			sourceTree = "<group>";
		};
		D9E369771A5D3D78003A91FD /* Supporting Files */ = {
			isa = PBXGroup;
			children = (
				D9E369781A5D3D78003A91FD /* Info.plist */,
			);
			name = "Supporting Files";
			sourceTree = "<group>";
		};
		D9E369831A5D44B8003A91FD /* ViewControllers */ = {
			isa = PBXGroup;
			children = (
				D9E369641A5D3D78003A91FD /* SCBContainerViewController.h */,
				D9E369651A5D3D78003A91FD /* SCBContainerViewController.m */,
				D9E369901A5D4CCC003A91FD /* SCBSettingsViewController.h */,
				D9E369911A5D4CCC003A91FD /* SCBSettingsViewController.m */,
			);
			name = ViewControllers;
			sourceTree = "<group>";
		};
		D9E369841A5D44DA003A91FD /* Views */ = {
			isa = PBXGroup;
			children = (
				D9E369851A5D44F3003A91FD /* SCBPuzzle.h */,
				D9E369861A5D44F3003A91FD /* SCBPuzzle.m */,
				D9E369881A5D455F003A91FD /* SCBPuzzleTile.h */,
				D9E369891A5D455F003A91FD /* SCBPuzzleTile.m */,
			);
			name = Views;
			sourceTree = "<group>";
		};
		E64939B83E2BA8FD14F95EB3 /* Pods */ = {
			isa = PBXGroup;
			children = (
				DA5CF9E079245F4FB5458863 /* Pods.debug.xcconfig */,
				C73321C85A549808D35C0C54 /* Pods.release.xcconfig */,
			);
			name = Pods;
			sourceTree = "<group>";
		};
/* End PBXGroup section */

/* Begin PBXNativeTarget section */
		D9E369591A5D3D78003A91FD /* Scrambled */ = {
			isa = PBXNativeTarget;
			buildConfigurationList = D9E3697D1A5D3D78003A91FD /* Build configuration list for PBXNativeTarget "Scrambled" */;
			buildPhases = (
				7F28B688202E72467742EDAF /* Check Pods Manifest.lock */,
				D9E369561A5D3D78003A91FD /* Sources */,
				D9E369571A5D3D78003A91FD /* Frameworks */,
				D9E369581A5D3D78003A91FD /* Resources */,
				265E1F7F4E39D45120F54CCD /* Copy Pods Resources */,
			);
			buildRules = (
			);
			dependencies = (
			);
			name = Scrambled;
			productName = Scrambled;
			productReference = D9E3695A1A5D3D78003A91FD /* Scrambled.app */;
			productType = "com.apple.product-type.application";
		};
		D9E369721A5D3D78003A91FD /* ScrambledTests */ = {
			isa = PBXNativeTarget;
			buildConfigurationList = D9E369801A5D3D78003A91FD /* Build configuration list for PBXNativeTarget "ScrambledTests" */;
			buildPhases = (
				D9E3696F1A5D3D78003A91FD /* Sources */,
				D9E369701A5D3D78003A91FD /* Frameworks */,
				D9E369711A5D3D78003A91FD /* Resources */,
			);
			buildRules = (
			);
			dependencies = (
				D9E369751A5D3D78003A91FD /* PBXTargetDependency */,
			);
			name = ScrambledTests;
			productName = ScrambledTests;
			productReference = D9E369731A5D3D78003A91FD /* ScrambledTests.xctest */;
			productType = "com.apple.product-type.bundle.unit-test";
		};
/* End PBXNativeTarget section */

/* Begin PBXProject section */
		D9E369521A5D3D78003A91FD /* Project object */ = {
			isa = PBXProject;
			attributes = {
				CLASSPREFIX = SCB;
				LastUpgradeCheck = 0610;
				ORGANIZATIONNAME = Sasha;
				TargetAttributes = {
					D9E369591A5D3D78003A91FD = {
						CreatedOnToolsVersion = 6.1.1;
					};
					D9E369721A5D3D78003A91FD = {
						CreatedOnToolsVersion = 6.1.1;
						TestTargetID = D9E369591A5D3D78003A91FD;
					};
				};
			};
			buildConfigurationList = D9E369551A5D3D78003A91FD /* Build configuration list for PBXProject "Scrambled" */;
			compatibilityVersion = "Xcode 3.2";
			developmentRegion = English;
			hasScannedForEncodings = 0;
			knownRegions = (
				en,
				Base,
			);
			mainGroup = D9E369511A5D3D78003A91FD;
			productRefGroup = D9E3695B1A5D3D78003A91FD /* Products */;
			projectDirPath = "";
			projectRoot = "";
			targets = (
				D9E369591A5D3D78003A91FD /* Scrambled */,
				D9E369721A5D3D78003A91FD /* ScrambledTests */,
			);
		};
/* End PBXProject section */

/* Begin PBXResourcesBuildPhase section */
		D9E369581A5D3D78003A91FD /* Resources */ = {
			isa = PBXResourcesBuildPhase;
			buildActionMask = 2147483647;
			files = (
				2615B3921A9377390077B9BE /* 95@2x.jpg in Resources */,
				2615B33E1A9377390077B9BE /* 19@2x.jpg in Resources */,
				2615B3601A9377390077B9BE /* 4@2x.jpg in Resources */,
				2615B33F1A9377390077B9BE /* 1@2x.jpg in Resources */,
				2615B3561A9377390077B9BE /* 40@2x.jpg in Resources */,
				2615B3871A9377390077B9BE /* 85@2x.jpg in Resources */,
				2615B3831A9377390077B9BE /* 81@2x.jpg in Resources */,
				2615B3881A9377390077B9BE /* 86@2x.jpg in Resources */,
				2615B37E1A9377390077B9BE /* 77@2x.jpg in Resources */,
				2615B3481A9377390077B9BE /* 28@2x.jpg in Resources */,
				2615B33C1A9377390077B9BE /* 17@2x.jpg in Resources */,
				2615B3511A9377390077B9BE /* 36@2x.jpg in Resources */,
				2615B38C1A9377390077B9BE /* 8@2x.jpg in Resources */,
				2615B3771A9377390077B9BE /* 70@2x.jpg in Resources */,
				2615B34E1A9377390077B9BE /* 33@2x.jpg in Resources */,
				2615B3621A9377390077B9BE /* 51@2x.jpg in Resources */,
				2615B33A1A9377390077B9BE /* 15@2x.jpg in Resources */,
				2615B3501A9377390077B9BE /* 35@2x.jpg in Resources */,
				2615B32B1A9377390077B9BE /* 106@2x.jpg in Resources */,
				2615B32D1A9377390077B9BE /* 108@2x.jpg in Resources */,
				2615B34D1A9377390077B9BE /* 32@2x.jpg in Resources */,
				2615B3891A9377390077B9BE /* 87@2x.jpg in Resources */,
				2615B34B1A9377390077B9BE /* 30@2x.jpg in Resources */,
				2615B3421A9377390077B9BE /* 22@2x.jpg in Resources */,
				2615B36A1A9377390077B9BE /* 59@2x.jpg in Resources */,
				D9E3696E1A5D3D78003A91FD /* LaunchScreen.xib in Resources */,
				2615B35B1A9377390077B9BE /* 45@2x.jpg in Resources */,
				2615B36B1A9377390077B9BE /* 5@2x.jpg in Resources */,
				2615B32A1A9377390077B9BE /* 105@2x.jpg in Resources */,
				2615B3391A9377390077B9BE /* 14@2x.jpg in Resources */,
				2615B3431A9377390077B9BE /* 23@2x.jpg in Resources */,
				2615B3351A9377390077B9BE /* 115@2x.jpg in Resources */,
				2615B3261A9377390077B9BE /* 101@2x.jpg in Resources */,
				2615B3341A9377390077B9BE /* 114@2x.jpg in Resources */,
				2615B3291A9377390077B9BE /* 104@2x.jpg in Resources */,
				2615B3411A9377390077B9BE /* 21@2x.jpg in Resources */,
				2615B38D1A9377390077B9BE /* 90@2x.jpg in Resources */,
				2615B35D1A9377390077B9BE /* 47@2x.jpg in Resources */,
				2615B34F1A9377390077B9BE /* 34@2x.jpg in Resources */,
				2615B3721A9377390077B9BE /* 66@2x.jpg in Resources */,
				2615B3941A9377390077B9BE /* 99@2x.jpg in Resources */,
				2615B37C1A9377390077B9BE /* 75@2x.jpg in Resources */,
				2615B3551A9377390077B9BE /* 3@2x.jpg in Resources */,
				2615B35C1A9377390077B9BE /* 46@2x.jpg in Resources */,
				2615B3271A9377390077B9BE /* 102@2x.jpg in Resources */,
				2615B3671A9377390077B9BE /* 56@2x.jpg in Resources */,
				2615B3761A9377390077B9BE /* 6@2x.jpg in Resources */,
				2615B3841A9377390077B9BE /* 82@2x.jpg in Resources */,
				2615B3471A9377390077B9BE /* 27@2x.jpg in Resources */,
				2615B3321A9377390077B9BE /* 112@2x.jpg in Resources */,
				2615B3281A9377390077B9BE /* 103@2x.jpg in Resources */,
				2615B3821A9377390077B9BE /* 80@2x.jpg in Resources */,
				2615B3781A9377390077B9BE /* 71@2x.jpg in Resources */,
				2615B32C1A9377390077B9BE /* 107@2x.jpg in Resources */,
				2615B3711A9377390077B9BE /* 65@2x.jpg in Resources */,
				2615B3701A9377390077B9BE /* 64@2x.jpg in Resources */,
				2615B33D1A9377390077B9BE /* 18@2x.jpg in Resources */,
				2615B3361A9377390077B9BE /* 11@2x.jpg in Resources */,
				2615B38B1A9377390077B9BE /* 89@2x.jpg in Resources */,
				2615B3541A9377390077B9BE /* 39@2x.jpg in Resources */,
				2615B3911A9377390077B9BE /* 94@2x.jpg in Resources */,
				2615B37B1A9377390077B9BE /* 74@2x.jpg in Resources */,
				2615B3751A9377390077B9BE /* 69@2x.jpg in Resources */,
				2615B3461A9377390077B9BE /* 26@2x.jpg in Resources */,
				2615B38A1A9377390077B9BE /* 88@2x.jpg in Resources */,
				2615B36C1A9377390077B9BE /* 60@2x.jpg in Resources */,
				2615B35A1A9377390077B9BE /* 44@2x.jpg in Resources */,
				2615B38E1A9377390077B9BE /* 91@2x.jpg in Resources */,
				2615B3851A9377390077B9BE /* 83@2x.jpg in Resources */,
				2615B32E1A9377390077B9BE /* 109@2x.jpg in Resources */,
				2615B37A1A9377390077B9BE /* 73@2x.jpg in Resources */,
				2615B3931A9377390077B9BE /* 96@2x.jpg in Resources */,
				2615B3451A9377390077B9BE /* 25@2x.jpg in Resources */,
				2615B3581A9377390077B9BE /* 42@2x.jpg in Resources */,
				2615B34A1A9377390077B9BE /* 2@2x.jpg in Resources */,
				2615B3661A9377390077B9BE /* 55@2x.jpg in Resources */,
				2615B3611A9377390077B9BE /* 50@2x.jpg in Resources */,
				2615B35E1A9377390077B9BE /* 48@2x.jpg in Resources */,
				2615B3811A9377390077B9BE /* 7@2x.jpg in Resources */,
				2615B3251A9377390077B9BE /* 100@2x.jpg in Resources */,
				2615B36F1A9377390077B9BE /* 63@2x.jpg in Resources */,
				2615B3571A9377390077B9BE /* 41@2x.jpg in Resources */,
				2615B3311A9377390077B9BE /* 111@2x.jpg in Resources */,
				2615B3741A9377390077B9BE /* 68@2x.jpg in Resources */,
				2615B37D1A9377390077B9BE /* 76@2x.jpg in Resources */,
				2615B3381A9377390077B9BE /* 13@2x.jpg in Resources */,
				2615B3861A9377390077B9BE /* 84@2x.jpg in Resources */,
				2615B3591A9377390077B9BE /* 43@2x.jpg in Resources */,
				2615B36D1A9377390077B9BE /* 61@2x.jpg in Resources */,
				2615B34C1A9377390077B9BE /* 31@2x.jpg in Resources */,
				2615B3371A9377390077B9BE /* 12@2x.jpg in Resources */,
				2615B3531A9377390077B9BE /* 38@2x.jpg in Resources */,
				2615B37F1A9377390077B9BE /* 78@2x.jpg in Resources */,
				2615B3491A9377390077B9BE /* 29@2x.jpg in Resources */,
				2615B3301A9377390077B9BE /* 110@2x.jpg in Resources */,
				2615B33B1A9377390077B9BE /* 16@2x.jpg in Resources */,
				2615B3331A9377390077B9BE /* 113@2x.jpg in Resources */,
				2615B3651A9377390077B9BE /* 54@2x.jpg in Resources */,
				2615B3641A9377390077B9BE /* 53@2x.jpg in Resources */,
				2615B3731A9377390077B9BE /* 67@2x.jpg in Resources */,
				2615B36E1A9377390077B9BE /* 62@2x.jpg in Resources */,
				2615B35F1A9377390077B9BE /* 49@2x.jpg in Resources */,
				2615B3631A9377390077B9BE /* 52@2x.jpg in Resources */,
				2615B3681A9377390077B9BE /* 57@2x.jpg in Resources */,
				2615B3801A9377390077B9BE /* 79@2x.jpg in Resources */,
				2615B3441A9377390077B9BE /* 24@2x.jpg in Resources */,
				2615B3521A9377390077B9BE /* 37@2x.jpg in Resources */,
				2615B3951A9377390077B9BE /* 9@2x.jpg in Resources */,
				2615B32F1A9377390077B9BE /* 10@2x.jpg in Resources */,
				2615B3791A9377390077B9BE /* 72@2x.jpg in Resources */,
				2615B3401A9377390077B9BE /* 20@2x.jpg in Resources */,
				2615B3901A9377390077B9BE /* 93@2x.jpg in Resources */,
				2615B38F1A9377390077B9BE /* 92@2x.jpg in Resources */,
				2615B3691A9377390077B9BE /* 58@2x.jpg in Resources */,
				D9E3696B1A5D3D78003A91FD /* Images.xcassets in Resources */,
			);
			runOnlyForDeploymentPostprocessing = 0;
		};
		D9E369711A5D3D78003A91FD /* Resources */ = {
			isa = PBXResourcesBuildPhase;
			buildActionMask = 2147483647;
			files = (
			);
			runOnlyForDeploymentPostprocessing = 0;
		};
/* End PBXResourcesBuildPhase section */

/* Begin PBXShellScriptBuildPhase section */
		265E1F7F4E39D45120F54CCD /* Copy Pods Resources */ = {
			isa = PBXShellScriptBuildPhase;
			buildActionMask = 2147483647;
			files = (
			);
			inputPaths = (
			);
			name = "Copy Pods Resources";
			outputPaths = (
			);
			runOnlyForDeploymentPostprocessing = 0;
			shellPath = /bin/sh;
			shellScript = "\"${SRCROOT}/Pods/Target Support Files/Pods/Pods-resources.sh\"\n";
			showEnvVarsInLog = 0;
		};
		7F28B688202E72467742EDAF /* Check Pods Manifest.lock */ = {
			isa = PBXShellScriptBuildPhase;
			buildActionMask = 2147483647;
			files = (
			);
			inputPaths = (
			);
			name = "Check Pods Manifest.lock";
			outputPaths = (
			);
			runOnlyForDeploymentPostprocessing = 0;
			shellPath = /bin/sh;
			shellScript = "diff \"${PODS_ROOT}/../Podfile.lock\" \"${PODS_ROOT}/Manifest.lock\" > /dev/null\nif [[ $? != 0 ]] ; then\n    cat << EOM\nerror: The sandbox is not in sync with the Podfile.lock. Run 'pod install' or update your CocoaPods installation.\nEOM\n    exit 1\nfi\n";
			showEnvVarsInLog = 0;
		};
/* End PBXShellScriptBuildPhase section */

/* Begin PBXSourcesBuildPhase section */
		D9E369561A5D3D78003A91FD /* Sources */ = {
			isa = PBXSourcesBuildPhase;
			buildActionMask = 2147483647;
			files = (
				D9E369871A5D44F3003A91FD /* SCBPuzzle.m in Sources */,
				D9E369661A5D3D78003A91FD /* SCBContainerViewController.m in Sources */,
				D9E3698A1A5D455F003A91FD /* SCBPuzzleTile.m in Sources */,
				D9E3698D1A5D4747003A91FD /* SCBFrameProvider.m in Sources */,
				D9E36C9B1A5D9CE2003A91FD /* NSUserDefaults+Preferences.m in Sources */,
				D9E369631A5D3D78003A91FD /* AppDelegate.m in Sources */,
				D9E369921A5D4CCC003A91FD /* SCBSettingsViewController.m in Sources */,
				D9E369601A5D3D78003A91FD /* main.m in Sources */,
			);
			runOnlyForDeploymentPostprocessing = 0;
		};
		D9E3696F1A5D3D78003A91FD /* Sources */ = {
			isa = PBXSourcesBuildPhase;
			buildActionMask = 2147483647;
			files = (
				D9E3697A1A5D3D78003A91FD /* ScrambledTests.m in Sources */,
			);
			runOnlyForDeploymentPostprocessing = 0;
		};
/* End PBXSourcesBuildPhase section */

/* Begin PBXTargetDependency section */
		D9E369751A5D3D78003A91FD /* PBXTargetDependency */ = {
			isa = PBXTargetDependency;
			target = D9E369591A5D3D78003A91FD /* Scrambled */;
			targetProxy = D9E369741A5D3D78003A91FD /* PBXContainerItemProxy */;
		};
/* End PBXTargetDependency section */

/* Begin PBXVariantGroup section */
		D9E3696C1A5D3D78003A91FD /* LaunchScreen.xib */ = {
			isa = PBXVariantGroup;
			children = (
				D9E3696D1A5D3D78003A91FD /* Base */,
			);
			name = LaunchScreen.xib;
			sourceTree = "<group>";
		};
/* End PBXVariantGroup section */

/* Begin XCBuildConfiguration section */
		D9E3697B1A5D3D78003A91FD /* Debug */ = {
			isa = XCBuildConfiguration;
			buildSettings = {
				ALWAYS_SEARCH_USER_PATHS = NO;
				CLANG_CXX_LANGUAGE_STANDARD = "gnu++0x";
				CLANG_CXX_LIBRARY = "libc++";
				CLANG_ENABLE_MODULES = YES;
				CLANG_ENABLE_OBJC_ARC = YES;
				CLANG_WARN_BOOL_CONVERSION = YES;
				CLANG_WARN_CONSTANT_CONVERSION = YES;
				CLANG_WARN_DIRECT_OBJC_ISA_USAGE = YES_ERROR;
				CLANG_WARN_EMPTY_BODY = YES;
				CLANG_WARN_ENUM_CONVERSION = YES;
				CLANG_WARN_INT_CONVERSION = YES;
				CLANG_WARN_OBJC_ROOT_CLASS = YES_ERROR;
				CLANG_WARN_UNREACHABLE_CODE = YES;
				CLANG_WARN__DUPLICATE_METHOD_MATCH = YES;
				CODE_SIGN_IDENTITY = "iPhone Developer";
				"CODE_SIGN_IDENTITY[sdk=iphoneos*]" = "iPhone Developer";
				COPY_PHASE_STRIP = NO;
				ENABLE_STRICT_OBJC_MSGSEND = YES;
				GCC_C_LANGUAGE_STANDARD = gnu99;
				GCC_DYNAMIC_NO_PIC = NO;
				GCC_OPTIMIZATION_LEVEL = 0;
				GCC_PREPROCESSOR_DEFINITIONS = (
					"DEBUG=1",
					"$(inherited)",
				);
				GCC_SYMBOLS_PRIVATE_EXTERN = NO;
				GCC_WARN_64_TO_32_BIT_CONVERSION = YES;
				GCC_WARN_ABOUT_RETURN_TYPE = YES_ERROR;
				GCC_WARN_UNDECLARED_SELECTOR = YES;
				GCC_WARN_UNINITIALIZED_AUTOS = YES_AGGRESSIVE;
				GCC_WARN_UNUSED_FUNCTION = YES;
				GCC_WARN_UNUSED_VARIABLE = YES;
				IPHONEOS_DEPLOYMENT_TARGET = 7.0;
				MTL_ENABLE_DEBUG_INFO = YES;
				ONLY_ACTIVE_ARCH = YES;
				SDKROOT = iphoneos;
				TARGETED_DEVICE_FAMILY = 2;
			};
			name = Debug;
		};
		D9E3697C1A5D3D78003A91FD /* Release */ = {
			isa = XCBuildConfiguration;
			buildSettings = {
				ALWAYS_SEARCH_USER_PATHS = NO;
				CLANG_CXX_LANGUAGE_STANDARD = "gnu++0x";
				CLANG_CXX_LIBRARY = "libc++";
				CLANG_ENABLE_MODULES = YES;
				CLANG_ENABLE_OBJC_ARC = YES;
				CLANG_WARN_BOOL_CONVERSION = YES;
				CLANG_WARN_CONSTANT_CONVERSION = YES;
				CLANG_WARN_DIRECT_OBJC_ISA_USAGE = YES_ERROR;
				CLANG_WARN_EMPTY_BODY = YES;
				CLANG_WARN_ENUM_CONVERSION = YES;
				CLANG_WARN_INT_CONVERSION = YES;
				CLANG_WARN_OBJC_ROOT_CLASS = YES_ERROR;
				CLANG_WARN_UNREACHABLE_CODE = YES;
				CLANG_WARN__DUPLICATE_METHOD_MATCH = YES;
				CODE_SIGN_IDENTITY = "iPhone Developer";
				"CODE_SIGN_IDENTITY[sdk=iphoneos*]" = "iPhone Developer";
				COPY_PHASE_STRIP = YES;
				ENABLE_NS_ASSERTIONS = NO;
				ENABLE_STRICT_OBJC_MSGSEND = YES;
				GCC_C_LANGUAGE_STANDARD = gnu99;
				GCC_WARN_64_TO_32_BIT_CONVERSION = YES;
				GCC_WARN_ABOUT_RETURN_TYPE = YES_ERROR;
				GCC_WARN_UNDECLARED_SELECTOR = YES;
				GCC_WARN_UNINITIALIZED_AUTOS = YES_AGGRESSIVE;
				GCC_WARN_UNUSED_FUNCTION = YES;
				GCC_WARN_UNUSED_VARIABLE = YES;
				IPHONEOS_DEPLOYMENT_TARGET = 7.0;
				MTL_ENABLE_DEBUG_INFO = NO;
				SDKROOT = iphoneos;
				TARGETED_DEVICE_FAMILY = 2;
				VALIDATE_PRODUCT = YES;
			};
			name = Release;
		};
		D9E3697E1A5D3D78003A91FD /* Debug */ = {
			isa = XCBuildConfiguration;
			baseConfigurationReference = DA5CF9E079245F4FB5458863 /* Pods.debug.xcconfig */;
			buildSettings = {
				ASSETCATALOG_COMPILER_APPICON_NAME = AppIcon;
				INFOPLIST_FILE = Scrambled/Info.plist;
				LD_RUNPATH_SEARCH_PATHS = "$(inherited) @executable_path/Frameworks";
				PRODUCT_NAME = "$(TARGET_NAME)";
			};
			name = Debug;
		};
		D9E3697F1A5D3D78003A91FD /* Release */ = {
			isa = XCBuildConfiguration;
			baseConfigurationReference = C73321C85A549808D35C0C54 /* Pods.release.xcconfig */;
			buildSettings = {
				ASSETCATALOG_COMPILER_APPICON_NAME = AppIcon;
				INFOPLIST_FILE = Scrambled/Info.plist;
				LD_RUNPATH_SEARCH_PATHS = "$(inherited) @executable_path/Frameworks";
				PRODUCT_NAME = "$(TARGET_NAME)";
			};
			name = Release;
		};
		D9E369811A5D3D78003A91FD /* Debug */ = {
			isa = XCBuildConfiguration;
			buildSettings = {
				BUNDLE_LOADER = "$(TEST_HOST)";
				FRAMEWORK_SEARCH_PATHS = (
					"$(SDKROOT)/Developer/Library/Frameworks",
					"$(inherited)",
				);
				GCC_PREPROCESSOR_DEFINITIONS = (
					"DEBUG=1",
					"$(inherited)",
				);
				INFOPLIST_FILE = ScrambledTests/Info.plist;
				LD_RUNPATH_SEARCH_PATHS = "$(inherited) @executable_path/Frameworks @loader_path/Frameworks";
				PRODUCT_NAME = "$(TARGET_NAME)";
				TEST_HOST = "$(BUILT_PRODUCTS_DIR)/Scrambled.app/Scrambled";
			};
			name = Debug;
		};
		D9E369821A5D3D78003A91FD /* Release */ = {
			isa = XCBuildConfiguration;
			buildSettings = {
				BUNDLE_LOADER = "$(TEST_HOST)";
				FRAMEWORK_SEARCH_PATHS = (
					"$(SDKROOT)/Developer/Library/Frameworks",
					"$(inherited)",
				);
				INFOPLIST_FILE = ScrambledTests/Info.plist;
				LD_RUNPATH_SEARCH_PATHS = "$(inherited) @executable_path/Frameworks @loader_path/Frameworks";
				PRODUCT_NAME = "$(TARGET_NAME)";
				TEST_HOST = "$(BUILT_PRODUCTS_DIR)/Scrambled.app/Scrambled";
			};
			name = Release;
		};
/* End XCBuildConfiguration section */

/* Begin XCConfigurationList section */
		D9E369551A5D3D78003A91FD /* Build configuration list for PBXProject "Scrambled" */ = {
			isa = XCConfigurationList;
			buildConfigurations = (
				D9E3697B1A5D3D78003A91FD /* Debug */,
				D9E3697C1A5D3D78003A91FD /* Release */,
			);
			defaultConfigurationIsVisible = 0;
			defaultConfigurationName = Release;
		};
		D9E3697D1A5D3D78003A91FD /* Build configuration list for PBXNativeTarget "Scrambled" */ = {
			isa = XCConfigurationList;
			buildConfigurations = (
				D9E3697E1A5D3D78003A91FD /* Debug */,
				D9E3697F1A5D3D78003A91FD /* Release */,
			);
			defaultConfigurationIsVisible = 0;
			defaultConfigurationName = Release;
		};
		D9E369801A5D3D78003A91FD /* Build configuration list for PBXNativeTarget "ScrambledTests" */ = {
			isa = XCConfigurationList;
			buildConfigurations = (
				D9E369811A5D3D78003A91FD /* Debug */,
				D9E369821A5D3D78003A91FD /* Release */,
			);
			defaultConfigurationIsVisible = 0;
			defaultConfigurationName = Release;
		};
/* End XCConfigurationList section */
	};
	rootObject = D9E369521A5D3D78003A91FD /* Project object */;
}
